
Microsoft Visual Studio Solution File, Format Version 12.00
# Visual Studio Version 17
VisualStudioVersion = 17.6.33829.357
MinimumVisualStudioVersion = 10.0.40219.1
Project("{FAE04EC0-301F-11D3-BF4B-00C04F79EFBC}") = "CSharp_TinhCTNC1", "CSharp_TinhCTNC1.csproj", "{52B34D18-1A24-4796-A677-45E634E8F4BC}"
EndProject
Global
	GlobalSection(SolutionConfigurationPlatforms) = preSolution
		Debug|Any CPU = Debug|Any CPU
		Release|Any CPU = Release|Any CPU
	EndGlobalSection
	GlobalSection(ProjectConfigurationPlatforms) = postSolution
		{52B34D18-1A24-4796-A677-45E634E8F4BC}.Debug|Any CPU.ActiveCfg = Debug|Any CPU
		{52B34D18-1A24-4796-A677-45E634E8F4BC}.Debug|Any CPU.Build.0 = Debug|Any CPU
		{52B34D18-1A24-4796-A677-45E634E8F4BC}.Release|Any CPU.ActiveCfg = Release|Any CPU
		{52B34D18-1A24-4796-A677-45E634E8F4BC}.Release|Any CPU.Build.0 = Release|Any CPU
	EndGlobalSection
	GlobalSection(SolutionProperties) = preSolution
		HideSolutionNode = FALSE
	EndGlobalSection
	GlobalSection(ExtensibilityGlobals) = postSolution
		SolutionGuid = {826F2AEF-4C43-46F4-B356-A77A1834C0CB}
	EndGlobalSection
EndGlobal
